// !$*UTF8*$!
{
	archiveVersion = 1;
	classes = {
	};
	objectVersion = 55;
	objects = {

/* Begin PBXBuildFile section */
		43EA29312829ADA20066BA8F /* main.m in Sources */ = {isa = PBXBuildFile; fileRef = 43EA29302829ADA20066BA8F /* main.m */; };
		43EA293E2829B8DF0066BA8F /* main.m in Sources */ = {isa = PBXBuildFile; fileRef = 43EA293D2829B8DF0066BA8F /* main.m */; };
		43EA2973282B8E560066BA8F /* main.m in Sources */ = {isa = PBXBuildFile; fileRef = 43EA2972282B8E560066BA8F /* main.m */; };
		43EA2976282B8EB60066BA8F /* Person.m in Sources */ = {isa = PBXBuildFile; fileRef = 43EA2975282B8EB60066BA8F /* Person.m */; };
		43EA2978282B8EFD0066BA8F /* Person.swift in Sources */ = {isa = PBXBuildFile; fileRef = 43EA2977282B8EFD0066BA8F /* Person.swift */; };
		43EA2980282B8F480066BA8F /* main.m in Sources */ = {isa = PBXBuildFile; fileRef = 43EA297F282B8F480066BA8F /* main.m */; };
		43EA2986282B8F8F0066BA8F /* Box.m in Sources */ = {isa = PBXBuildFile; fileRef = 43EA2985282B8F8F0066BA8F /* Box.m */; };
/* End PBXBuildFile section */

/* Begin PBXCopyFilesBuildPhase section */
		43EA292B2829ADA20066BA8F /* CopyFiles */ = {
			isa = PBXCopyFilesBuildPhase;
			buildActionMask = 2147483647;
			dstPath = /usr/share/man/man1/;
			dstSubfolderSpec = 0;
			files = (
			);
			runOnlyForDeploymentPostprocessing = 1;
		};
		43EA29392829B8DF0066BA8F /* CopyFiles */ = {
			isa = PBXCopyFilesBuildPhase;
			buildActionMask = 2147483647;
			dstPath = /usr/share/man/man1/;
			dstSubfolderSpec = 0;
			files = (
			);
			runOnlyForDeploymentPostprocessing = 1;
		};
		43EA2969282B8E450066BA8F /* CopyFiles */ = {
			isa = PBXCopyFilesBuildPhase;
			buildActionMask = 2147483647;
			dstPath = /usr/share/man/man1/;
			dstSubfolderSpec = 0;
			files = (
			);
			runOnlyForDeploymentPostprocessing = 1;
		};
		43EA297B282B8F470066BA8F /* CopyFiles */ = {
			isa = PBXCopyFilesBuildPhase;
			buildActionMask = 2147483647;
			dstPath = /usr/share/man/man1/;
			dstSubfolderSpec = 0;
			files = (
			);
			runOnlyForDeploymentPostprocessing = 1;
		};
/* End PBXCopyFilesBuildPhase section */

/* Begin PBXFileReference section */
		43EA292D2829ADA20066BA8F /* ObjectiveCCourse */ = {isa = PBXFileReference; explicitFileType = "compiled.mach-o.executable"; includeInIndex = 0; path = ObjectiveCCourse; sourceTree = BUILT_PRODUCTS_DIR; };
		43EA29302829ADA20066BA8F /* main.m */ = {isa = PBXFileReference; lastKnownFileType = sourcecode.c.objc; path = main.m; sourceTree = "<group>"; };
		43EA293B2829B8DF0066BA8F /* Lab1 */ = {isa = PBXFileReference; explicitFileType = "compiled.mach-o.executable"; includeInIndex = 0; path = Lab1; sourceTree = BUILT_PRODUCTS_DIR; };
		43EA293D2829B8DF0066BA8F /* main.m */ = {isa = PBXFileReference; lastKnownFileType = sourcecode.c.objc; path = main.m; sourceTree = "<group>"; };
		43EA296B282B8E450066BA8F /* ClassAndProperties */ = {isa = PBXFileReference; explicitFileType = "compiled.mach-o.executable"; includeInIndex = 0; path = ClassAndProperties; sourceTree = BUILT_PRODUCTS_DIR; };
		43EA2972282B8E560066BA8F /* main.m */ = {isa = PBXFileReference; fileEncoding = 4; lastKnownFileType = sourcecode.c.objc; path = main.m; sourceTree = "<group>"; };
		43EA2974282B8EB60066BA8F /* Person.h */ = {isa = PBXFileReference; lastKnownFileType = sourcecode.c.h; path = Person.h; sourceTree = "<group>"; };
		43EA2975282B8EB60066BA8F /* Person.m */ = {isa = PBXFileReference; lastKnownFileType = sourcecode.c.objc; path = Person.m; sourceTree = "<group>"; };
		43EA2977282B8EFD0066BA8F /* Person.swift */ = {isa = PBXFileReference; lastKnownFileType = sourcecode.swift; path = Person.swift; sourceTree = "<group>"; };
		43EA297D282B8F470066BA8F /* Lab2 */ = {isa = PBXFileReference; explicitFileType = "compiled.mach-o.executable"; includeInIndex = 0; path = Lab2; sourceTree = BUILT_PRODUCTS_DIR; };
		43EA297F282B8F480066BA8F /* main.m */ = {isa = PBXFileReference; lastKnownFileType = sourcecode.c.objc; path = main.m; sourceTree = "<group>"; };
		43EA2984282B8F8F0066BA8F /* Box.h */ = {isa = PBXFileReference; lastKnownFileType = sourcecode.c.h; path = Box.h; sourceTree = "<group>"; };
		43EA2985282B8F8F0066BA8F /* Box.m */ = {isa = PBXFileReference; lastKnownFileType = sourcecode.c.objc; path = Box.m; sourceTree = "<group>"; };
/* End PBXFileReference section */

/* Begin PBXFrameworksBuildPhase section */
		43EA292A2829ADA20066BA8F /* Frameworks */ = {
			isa = PBXFrameworksBuildPhase;
			buildActionMask = 2147483647;
			files = (
			);
			runOnlyForDeploymentPostprocessing = 0;
		};
		43EA29382829B8DF0066BA8F /* Frameworks */ = {
			isa = PBXFrameworksBuildPhase;
			buildActionMask = 2147483647;
			files = (
			);
			runOnlyForDeploymentPostprocessing = 0;
		};
		43EA2968282B8E450066BA8F /* Frameworks */ = {
			isa = PBXFrameworksBuildPhase;
			buildActionMask = 2147483647;
			files = (
			);
			runOnlyForDeploymentPostprocessing = 0;
		};
		43EA297A282B8F470066BA8F /* Frameworks */ = {
			isa = PBXFrameworksBuildPhase;
			buildActionMask = 2147483647;
			files = (
			);
			runOnlyForDeploymentPostprocessing = 0;
		};
/* End PBXFrameworksBuildPhase section */

/* Begin PBXGroup section */
		43EA29242829ADA20066BA8F = {
			isa = PBXGroup;
			children = (
				43EA292F2829ADA20066BA8F /* ObjectiveCCourse */,
				43EA296C282B8E450066BA8F /* ClassAndProperties */,
				43EA293C2829B8DF0066BA8F /* Lab1 */,
				43EA297E282B8F480066BA8F /* Lab2 */,
				43EA292E2829ADA20066BA8F /* Products */,
			);
			sourceTree = "<group>";
		};
		43EA292E2829ADA20066BA8F /* Products */ = {
			isa = PBXGroup;
			children = (
				43EA292D2829ADA20066BA8F /* ObjectiveCCourse */,
				43EA293B2829B8DF0066BA8F /* Lab1 */,
				43EA296B282B8E450066BA8F /* ClassAndProperties */,
				43EA297D282B8F470066BA8F /* Lab2 */,
			);
			name = Products;
			sourceTree = "<group>";
		};
		43EA292F2829ADA20066BA8F /* ObjectiveCCourse */ = {
			isa = PBXGroup;
			children = (
				43EA29302829ADA20066BA8F /* main.m */,
			);
			path = ObjectiveCCourse;
			sourceTree = "<group>";
		};
		43EA293C2829B8DF0066BA8F /* Lab1 */ = {
			isa = PBXGroup;
			children = (
				43EA293D2829B8DF0066BA8F /* main.m */,
			);
			path = Lab1;
			sourceTree = "<group>";
		};
		43EA296C282B8E450066BA8F /* ClassAndProperties */ = {
			isa = PBXGroup;
			children = (
				43EA2972282B8E560066BA8F /* main.m */,
				43EA2974282B8EB60066BA8F /* Person.h */,
				43EA2975282B8EB60066BA8F /* Person.m */,
				43EA2977282B8EFD0066BA8F /* Person.swift */,
			);
			path = ClassAndProperties;
			sourceTree = "<group>";
		};
		43EA297E282B8F480066BA8F /* Lab2 */ = {
			isa = PBXGroup;
			children = (
				43EA297F282B8F480066BA8F /* main.m */,
				43EA2984282B8F8F0066BA8F /* Box.h */,
				43EA2985282B8F8F0066BA8F /* Box.m */,
			);
			path = Lab2;
			sourceTree = "<group>";
		};
/* End PBXGroup section */

/* Begin PBXNativeTarget section */
		43EA292C2829ADA20066BA8F /* ObjectiveCCourse */ = {
			isa = PBXNativeTarget;
			buildConfigurationList = 43EA29342829ADA20066BA8F /* Build configuration list for PBXNativeTarget "ObjectiveCCourse" */;
			buildPhases = (
				43EA29292829ADA20066BA8F /* Sources */,
				43EA292A2829ADA20066BA8F /* Frameworks */,
				43EA292B2829ADA20066BA8F /* CopyFiles */,
			);
			buildRules = (
			);
			dependencies = (
			);
			name = ObjectiveCCourse;
			productName = ObjectiveCCourse;
			productReference = 43EA292D2829ADA20066BA8F /* ObjectiveCCourse */;
			productType = "com.apple.product-type.tool";
		};
		43EA293A2829B8DF0066BA8F /* Lab1 */ = {
			isa = PBXNativeTarget;
			buildConfigurationList = 43EA293F2829B8DF0066BA8F /* Build configuration list for PBXNativeTarget "Lab1" */;
			buildPhases = (
				43EA29372829B8DF0066BA8F /* Sources */,
				43EA29382829B8DF0066BA8F /* Frameworks */,
				43EA29392829B8DF0066BA8F /* CopyFiles */,
			);
			buildRules = (
			);
			dependencies = (
			);
			name = Lab1;
			productName = Lab1;
			productReference = 43EA293B2829B8DF0066BA8F /* Lab1 */;
			productType = "com.apple.product-type.tool";
		};
		43EA296A282B8E450066BA8F /* ClassAndProperties */ = {
			isa = PBXNativeTarget;
			buildConfigurationList = 43EA296F282B8E450066BA8F /* Build configuration list for PBXNativeTarget "ClassAndProperties" */;
			buildPhases = (
				43EA2967282B8E450066BA8F /* Sources */,
				43EA2968282B8E450066BA8F /* Frameworks */,
				43EA2969282B8E450066BA8F /* CopyFiles */,
			);
			buildRules = (
			);
			dependencies = (
			);
			name = ClassAndProperties;
			productName = ClassAndProperties;
			productReference = 43EA296B282B8E450066BA8F /* ClassAndProperties */;
			productType = "com.apple.product-type.tool";
		};
		43EA297C282B8F470066BA8F /* Lab2 */ = {
			isa = PBXNativeTarget;
			buildConfigurationList = 43EA2981282B8F480066BA8F /* Build configuration list for PBXNativeTarget "Lab2" */;
			buildPhases = (
				43EA2979282B8F470066BA8F /* Sources */,
				43EA297A282B8F470066BA8F /* Frameworks */,
				43EA297B282B8F470066BA8F /* CopyFiles */,
			);
			buildRules = (
			);
			dependencies = (
			);
			name = Lab2;
			productName = Lab2;
			productReference = 43EA297D282B8F470066BA8F /* Lab2 */;
			productType = "com.apple.product-type.tool";
		};
/* End PBXNativeTarget section */

/* Begin PBXProject section */
		43EA29252829ADA20066BA8F /* Project object */ = {
			isa = PBXProject;
			attributes = {
				BuildIndependentTargetsInParallel = 1;
				LastUpgradeCheck = 1320;
				TargetAttributes = {
					43EA292C2829ADA20066BA8F = {
						CreatedOnToolsVersion = 13.2.1;
					};
					43EA293A2829B8DF0066BA8F = {
						CreatedOnToolsVersion = 13.2.1;
					};
					43EA296A282B8E450066BA8F = {
						CreatedOnToolsVersion = 13.2.1;
						LastSwiftMigration = 1320;
					};
					43EA297C282B8F470066BA8F = {
						CreatedOnToolsVersion = 13.2.1;
					};
				};
			};
			buildConfigurationList = 43EA29282829ADA20066BA8F /* Build configuration list for PBXProject "ObjectiveCCourse" */;
			compatibilityVersion = "Xcode 13.0";
			developmentRegion = en;
			hasScannedForEncodings = 0;
			knownRegions = (
				en,
				Base,
			);
			mainGroup = 43EA29242829ADA20066BA8F;
			productRefGroup = 43EA292E2829ADA20066BA8F /* Products */;
			projectDirPath = "";
			projectRoot = "";
			targets = (
				43EA292C2829ADA20066BA8F /* ObjectiveCCourse */,
				43EA293A2829B8DF0066BA8F /* Lab1 */,
				43EA296A282B8E450066BA8F /* ClassAndProperties */,
				43EA297C282B8F470066BA8F /* Lab2 */,
			);
		};
/* End PBXProject section */

/* Begin PBXSourcesBuildPhase section */
		43EA29292829ADA20066BA8F /* Sources */ = {
			isa = PBXSourcesBuildPhase;
			buildActionMask = 2147483647;
			files = (
				43EA29312829ADA20066BA8F /* main.m in Sources */,
			);
			runOnlyForDeploymentPostprocessing = 0;
		};
		43EA29372829B8DF0066BA8F /* Sources */ = {
			isa = PBXSourcesBuildPhase;
			buildActionMask = 2147483647;
			files = (
				43EA293E2829B8DF0066BA8F /* main.m in Sources */,
			);
			runOnlyForDeploymentPostprocessing = 0;
		};
		43EA2967282B8E450066BA8F /* Sources */ = {
			isa = PBXSourcesBuildPhase;
			buildActionMask = 2147483647;
			files = (
				43EA2978282B8EFD0066BA8F /* Person.swift in Sources */,
				43EA2976282B8EB60066BA8F /* Person.m in Sources */,
				43EA2973282B8E560066BA8F /* main.m in Sources */,
			);
			runOnlyForDeploymentPostprocessing = 0;
		};
		43EA2979282B8F470066BA8F /* Sources */ = {
			isa = PBXSourcesBuildPhase;
			buildActionMask = 2147483647;
			files = (
				43EA2980282B8F480066BA8F /* main.m in Sources */,
				43EA2986282B8F8F0066BA8F /* Box.m in Sources */,
			);
			runOnlyForDeploymentPostprocessing = 0;
		};
/* End PBXSourcesBuildPhase section */

/* Begin XCBuildConfiguration section */
		43EA29322829ADA20066BA8F /* Debug */ = {
			isa = XCBuildConfiguration;
			buildSettings = {
				ALWAYS_SEARCH_USER_PATHS = NO;
				CLANG_ANALYZER_NONNULL = YES;
				CLANG_ANALYZER_NUMBER_OBJECT_CONVERSION = YES_AGGRESSIVE;
				CLANG_CXX_LANGUAGE_STANDARD = "gnu++17";
				CLANG_CXX_LIBRARY = "libc++";
				CLANG_ENABLE_MODULES = YES;
				CLANG_ENABLE_OBJC_ARC = YES;
				CLANG_ENABLE_OBJC_WEAK = YES;
				CLANG_WARN_BLOCK_CAPTURE_AUTORELEASING = YES;
				CLANG_WARN_BOOL_CONVERSION = YES;
				CLANG_WARN_COMMA = YES;
				CLANG_WARN_CONSTANT_CONVERSION = YES;
				CLANG_WARN_DEPRECATED_OBJC_IMPLEMENTATIONS = YES;
				CLANG_WARN_DIRECT_OBJC_ISA_USAGE = YES_ERROR;
				CLANG_WARN_DOCUMENTATION_COMMENTS = YES;
				CLANG_WARN_EMPTY_BODY = YES;
				CLANG_WARN_ENUM_CONVERSION = YES;
				CLANG_WARN_INFINITE_RECURSION = YES;
				CLANG_WARN_INT_CONVERSION = YES;
				CLANG_WARN_NON_LITERAL_NULL_CONVERSION = YES;
				CLANG_WARN_OBJC_IMPLICIT_RETAIN_SELF = YES;
				CLANG_WARN_OBJC_LITERAL_CONVERSION = YES;
				CLANG_WARN_OBJC_ROOT_CLASS = YES_ERROR;
				CLANG_WARN_QUOTED_INCLUDE_IN_FRAMEWORK_HEADER = YES;
				CLANG_WARN_RANGE_LOOP_ANALYSIS = YES;
				CLANG_WARN_STRICT_PROTOTYPES = YES;
				CLANG_WARN_SUSPICIOUS_MOVE = YES;
				CLANG_WARN_UNGUARDED_AVAILABILITY = YES_AGGRESSIVE;
				CLANG_WARN_UNREACHABLE_CODE = YES;
				CLANG_WARN__DUPLICATE_METHOD_MATCH = YES;
				COPY_PHASE_STRIP = NO;
				DEBUG_INFORMATION_FORMAT = dwarf;
				ENABLE_STRICT_OBJC_MSGSEND = YES;
				ENABLE_TESTABILITY = YES;
				GCC_C_LANGUAGE_STANDARD = gnu11;
				GCC_DYNAMIC_NO_PIC = NO;
				GCC_NO_COMMON_BLOCKS = YES;
				GCC_OPTIMIZATION_LEVEL = 0;
				GCC_PREPROCESSOR_DEFINITIONS = (
					"DEBUG=1",
					"$(inherited)",
				);
				GCC_WARN_64_TO_32_BIT_CONVERSION = YES;
				GCC_WARN_ABOUT_RETURN_TYPE = YES_ERROR;
				GCC_WARN_UNDECLARED_SELECTOR = YES;
				GCC_WARN_UNINITIALIZED_AUTOS = YES_AGGRESSIVE;
				GCC_WARN_UNUSED_FUNCTION = YES;
				GCC_WARN_UNUSED_VARIABLE = YES;
				MACOSX_DEPLOYMENT_TARGET = 12.1;
				MTL_ENABLE_DEBUG_INFO = INCLUDE_SOURCE;
				MTL_FAST_MATH = YES;
				ONLY_ACTIVE_ARCH = YES;
				SDKROOT = macosx;
			};
			name = Debug;
		};
		43EA29332829ADA20066BA8F /* Release */ = {
			isa = XCBuildConfiguration;
			buildSettings = {
				ALWAYS_SEARCH_USER_PATHS = NO;
				CLANG_ANALYZER_NONNULL = YES;
				CLANG_ANALYZER_NUMBER_OBJECT_CONVERSION = YES_AGGRESSIVE;
				CLANG_CXX_LANGUAGE_STANDARD = "gnu++17";
				CLANG_CXX_LIBRARY = "libc++";
				CLANG_ENABLE_MODULES = YES;
				CLANG_ENABLE_OBJC_ARC = YES;
				CLANG_ENABLE_OBJC_WEAK = YES;
				CLANG_WARN_BLOCK_CAPTURE_AUTORELEASING = YES;
				CLANG_WARN_BOOL_CONVERSION = YES;
				CLANG_WARN_COMMA = YES;
				CLANG_WARN_CONSTANT_CONVERSION = YES;
				CLANG_WARN_DEPRECATED_OBJC_IMPLEMENTATIONS = YES;
				CLANG_WARN_DIRECT_OBJC_ISA_USAGE = YES_ERROR;
				CLANG_WARN_DOCUMENTATION_COMMENTS = YES;
				CLANG_WARN_EMPTY_BODY = YES;
				CLANG_WARN_ENUM_CONVERSION = YES;
				CLANG_WARN_INFINITE_RECURSION = YES;
				CLANG_WARN_INT_CONVERSION = YES;
				CLANG_WARN_NON_LITERAL_NULL_CONVERSION = YES;
				CLANG_WARN_OBJC_IMPLICIT_RETAIN_SELF = YES;
				CLANG_WARN_OBJC_LITERAL_CONVERSION = YES;
				CLANG_WARN_OBJC_ROOT_CLASS = YES_ERROR;
				CLANG_WARN_QUOTED_INCLUDE_IN_FRAMEWORK_HEADER = YES;
				CLANG_WARN_RANGE_LOOP_ANALYSIS = YES;
				CLANG_WARN_STRICT_PROTOTYPES = YES;
				CLANG_WARN_SUSPICIOUS_MOVE = YES;
				CLANG_WARN_UNGUARDED_AVAILABILITY = YES_AGGRESSIVE;
				CLANG_WARN_UNREACHABLE_CODE = YES;
				CLANG_WARN__DUPLICATE_METHOD_MATCH = YES;
				COPY_PHASE_STRIP = NO;
				DEBUG_INFORMATION_FORMAT = "dwarf-with-dsym";
				ENABLE_NS_ASSERTIONS = NO;
				ENABLE_STRICT_OBJC_MSGSEND = YES;
				GCC_C_LANGUAGE_STANDARD = gnu11;
				GCC_NO_COMMON_BLOCKS = YES;
				GCC_WARN_64_TO_32_BIT_CONVERSION = YES;
				GCC_WARN_ABOUT_RETURN_TYPE = YES_ERROR;
				GCC_WARN_UNDECLARED_SELECTOR = YES;
				GCC_WARN_UNINITIALIZED_AUTOS = YES_AGGRESSIVE;
				GCC_WARN_UNUSED_FUNCTION = YES;
				GCC_WARN_UNUSED_VARIABLE = YES;
				MACOSX_DEPLOYMENT_TARGET = 12.1;
				MTL_ENABLE_DEBUG_INFO = NO;
				MTL_FAST_MATH = YES;
				SDKROOT = macosx;
			};
			name = Release;
		};
		43EA29352829ADA20066BA8F /* Debug */ = {
			isa = XCBuildConfiguration;
			buildSettings = {
				CODE_SIGN_STYLE = Automatic;
				DEVELOPMENT_TEAM = W9DRYDA329;
				ENABLE_HARDENED_RUNTIME = YES;
				PRODUCT_NAME = "$(TARGET_NAME)";
			};
			name = Debug;
		};
		43EA29362829ADA20066BA8F /* Release */ = {
			isa = XCBuildConfiguration;
			buildSettings = {
				CODE_SIGN_STYLE = Automatic;
				DEVELOPMENT_TEAM = W9DRYDA329;
				ENABLE_HARDENED_RUNTIME = YES;
				PRODUCT_NAME = "$(TARGET_NAME)";
			};
			name = Release;
		};
		43EA29402829B8DF0066BA8F /* Debug */ = {
			isa = XCBuildConfiguration;
			buildSettings = {
				CODE_SIGN_STYLE = Automatic;
				DEVELOPMENT_TEAM = W9DRYDA329;
				ENABLE_HARDENED_RUNTIME = YES;
				PRODUCT_NAME = "$(TARGET_NAME)";
			};
			name = Debug;
		};
		43EA29412829B8DF0066BA8F /* Release */ = {
			isa = XCBuildConfiguration;
			buildSettings = {
				CODE_SIGN_STYLE = Automatic;
				DEVELOPMENT_TEAM = W9DRYDA329;
				ENABLE_HARDENED_RUNTIME = YES;
				PRODUCT_NAME = "$(TARGET_NAME)";
			};
			name = Release;
		};
		43EA2970282B8E450066BA8F /* Debug */ = {
			isa = XCBuildConfiguration;
			buildSettings = {
				CLANG_ENABLE_MODULES = YES;
				CODE_SIGN_STYLE = Automatic;
				DEVELOPMENT_TEAM = W9DRYDA329;
				ENABLE_HARDENED_RUNTIME = YES;
				LD_RUNPATH_SEARCH_PATHS = (
					"$(inherited)",
					"@executable_path/../Frameworks",
					"@loader_path/../Frameworks",
				);
				PRODUCT_NAME = "$(TARGET_NAME)";
				SWIFT_OPTIMIZATION_LEVEL = "-Onone";
				SWIFT_VERSION = 5.0;
			};
			name = Debug;
		};
		43EA2971282B8E450066BA8F /* Release */ = {
			isa = XCBuildConfiguration;
			buildSettings = {
				CLANG_ENABLE_MODULES = YES;
				CODE_SIGN_STYLE = Automatic;
				DEVELOPMENT_TEAM = W9DRYDA329;
				ENABLE_HARDENED_RUNTIME = YES;
				LD_RUNPATH_SEARCH_PATHS = (
					"$(inherited)",
					"@executable_path/../Frameworks",
					"@loader_path/../Frameworks",
				);
				PRODUCT_NAME = "$(TARGET_NAME)";
				SWIFT_VERSION = 5.0;
			};
			name = Release;
		};
		43EA2982282B8F480066BA8F /* Debug */ = {
			isa = XCBuildConfiguration;
			buildSettings = {
				CODE_SIGN_STYLE = Automatic;
				DEVELOPMENT_TEAM = W9DRYDA329;
				ENABLE_HARDENED_RUNTIME = YES;
				PRODUCT_NAME = "$(TARGET_NAME)";
			};
			name = Debug;
		};
		43EA2983282B8F480066BA8F /* Release */ = {
			isa = XCBuildConfiguration;
			buildSettings = {
				CODE_SIGN_STYLE = Automatic;
				DEVELOPMENT_TEAM = W9DRYDA329;
				ENABLE_HARDENED_RUNTIME = YES;
				PRODUCT_NAME = "$(TARGET_NAME)";
			};
			name = Release;
		};
/* End XCBuildConfiguration section */

/* Begin XCConfigurationList section */
		43EA29282829ADA20066BA8F /* Build configuration list for PBXProject "ObjectiveCCourse" */ = {
			isa = XCConfigurationList;
			buildConfigurations = (
				43EA29322829ADA20066BA8F /* Debug */,
				43EA29332829ADA20066BA8F /* Release */,
			);
			defaultConfigurationIsVisible = 0;
			defaultConfigurationName = Release;
		};
		43EA29342829ADA20066BA8F /* Build configuration list for PBXNativeTarget "ObjectiveCCourse" */ = {
			isa = XCConfigurationList;
			buildConfigurations = (
				43EA29352829ADA20066BA8F /* Debug */,
				43EA29362829ADA20066BA8F /* Release */,
			);
			defaultConfigurationIsVisible = 0;
			defaultConfigurationName = Release;
		};
		43EA293F2829B8DF0066BA8F /* Build configuration list for PBXNativeTarget "Lab1" */ = {
			isa = XCConfigurationList;
			buildConfigurations = (
				43EA29402829B8DF0066BA8F /* Debug */,
				43EA29412829B8DF0066BA8F /* Release */,
			);
			defaultConfigurationIsVisible = 0;
			defaultConfigurationName = Release;
		};
		43EA296F282B8E450066BA8F /* Build configuration list for PBXNativeTarget "ClassAndProperties" */ = {
			isa = XCConfigurationList;
			buildConfigurations = (
				43EA2970282B8E450066BA8F /* Debug */,
				43EA2971282B8E450066BA8F /* Release */,
			);
			defaultConfigurationIsVisible = 0;
			defaultConfigurationName = Release;
		};
		43EA2981282B8F480066BA8F /* Build configuration list for PBXNativeTarget "Lab2" */ = {
			isa = XCConfigurationList;
			buildConfigurations = (
				43EA2982282B8F480066BA8F /* Debug */,
				43EA2983282B8F480066BA8F /* Release */,
			);
			defaultConfigurationIsVisible = 0;
			defaultConfigurationName = Release;
		};
/* End XCConfigurationList section */
	};
	rootObject = 43EA29252829ADA20066BA8F /* Project object */;
}
